
Microsoft Visual Studio Solution File, Format Version 12.00
Project("{FAE04EC0-301F-11D3-BF4B-00C04F79EFBC}") = "PrincessProject", "PrincessProject\PrincessProject.csproj", "{C77A02F5-6A3D-496D-A1AD-90B2FBFD54F4}"
EndProject
Project("{FAE04EC0-301F-11D3-BF4B-00C04F79EFBC}") = "PrincessTestProject", "PrincessTestProject\PrincessTestProject.csproj", "{AF913C8C-5D27-419A-B7AB-1F5EF176A364}"
EndProject
Global
	GlobalSection(SolutionConfigurationPlatforms) = preSolution
		Debug|Any CPU = Debug|Any CPU
		Release|Any CPU = Release|Any CPU
	EndGlobalSection
	GlobalSection(ProjectConfigurationPlatforms) = postSolution
		{C77A02F5-6A3D-496D-A1AD-90B2FBFD54F4}.Debug|Any CPU.ActiveCfg = Debug|Any CPU
		{C77A02F5-6A3D-496D-A1AD-90B2FBFD54F4}.Debug|Any CPU.Build.0 = Debug|Any CPU
		{C77A02F5-6A3D-496D-A1AD-90B2FBFD54F4}.Release|Any CPU.ActiveCfg = Release|Any CPU
		{C77A02F5-6A3D-496D-A1AD-90B2FBFD54F4}.Release|Any CPU.Build.0 = Release|Any CPU
		{AF913C8C-5D27-419A-B7AB-1F5EF176A364}.Debug|Any CPU.ActiveCfg = Debug|Any CPU
		{AF913C8C-5D27-419A-B7AB-1F5EF176A364}.Debug|Any CPU.Build.0 = Debug|Any CPU
		{AF913C8C-5D27-419A-B7AB-1F5EF176A364}.Release|Any CPU.ActiveCfg = Release|Any CPU
		{AF913C8C-5D27-419A-B7AB-1F5EF176A364}.Release|Any CPU.Build.0 = Release|Any CPU
	EndGlobalSection
EndGlobal
