
Microsoft Visual Studio Solution File, Format Version 12.00
Project("{FAE04EC0-301F-11D3-BF4B-00C04F79EFBC}") = "PrincessProject", "PrincessProject\PrincessProject.csproj", "{C77A02F5-6A3D-496D-A1AD-90B2FBFD54F4}"
EndProject
Project("{FAE04EC0-301F-11D3-BF4B-00C04F79EFBC}") = "PrincessTestProject", "PrincessTestProject\PrincessTestProject.csproj", "{AF913C8C-5D27-419A-B7AB-1F5EF176A364}"
EndProject
Project("{FAE04EC0-301F-11D3-BF4B-00C04F79EFBC}") = "PrincessProject.Data", "PrincessProject.Data\PrincessProject.Data.csproj", "{DA7C8986-0218-4742-B923-0B48AA8067F2}"
EndProject
Project("{FAE04EC0-301F-11D3-BF4B-00C04F79EFBC}") = "HallWeb", "HallWeb\HallWeb.csproj", "{87CDBB64-62E3-4303-9EA4-5BFA3DA9DB01}"
EndProject
Global
	GlobalSection(SolutionConfigurationPlatforms) = preSolution
		Debug|Any CPU = Debug|Any CPU
		Release|Any CPU = Release|Any CPU
	EndGlobalSection
	GlobalSection(ProjectConfigurationPlatforms) = postSolution
		{C77A02F5-6A3D-496D-A1AD-90B2FBFD54F4}.Debug|Any CPU.ActiveCfg = Debug|Any CPU
		{C77A02F5-6A3D-496D-A1AD-90B2FBFD54F4}.Debug|Any CPU.Build.0 = Debug|Any CPU
		{C77A02F5-6A3D-496D-A1AD-90B2FBFD54F4}.Release|Any CPU.ActiveCfg = Release|Any CPU
		{C77A02F5-6A3D-496D-A1AD-90B2FBFD54F4}.Release|Any CPU.Build.0 = Release|Any CPU
		{AF913C8C-5D27-419A-B7AB-1F5EF176A364}.Debug|Any CPU.ActiveCfg = Debug|Any CPU
		{AF913C8C-5D27-419A-B7AB-1F5EF176A364}.Debug|Any CPU.Build.0 = Debug|Any CPU
		{AF913C8C-5D27-419A-B7AB-1F5EF176A364}.Release|Any CPU.ActiveCfg = Release|Any CPU
		{AF913C8C-5D27-419A-B7AB-1F5EF176A364}.Release|Any CPU.Build.0 = Release|Any CPU
		{DA7C8986-0218-4742-B923-0B48AA8067F2}.Debug|Any CPU.ActiveCfg = Debug|Any CPU
		{DA7C8986-0218-4742-B923-0B48AA8067F2}.Debug|Any CPU.Build.0 = Debug|Any CPU
		{DA7C8986-0218-4742-B923-0B48AA8067F2}.Release|Any CPU.ActiveCfg = Release|Any CPU
		{DA7C8986-0218-4742-B923-0B48AA8067F2}.Release|Any CPU.Build.0 = Release|Any CPU
		{87CDBB64-62E3-4303-9EA4-5BFA3DA9DB01}.Debug|Any CPU.ActiveCfg = Debug|Any CPU
		{87CDBB64-62E3-4303-9EA4-5BFA3DA9DB01}.Debug|Any CPU.Build.0 = Debug|Any CPU
		{87CDBB64-62E3-4303-9EA4-5BFA3DA9DB01}.Release|Any CPU.ActiveCfg = Release|Any CPU
		{87CDBB64-62E3-4303-9EA4-5BFA3DA9DB01}.Release|Any CPU.Build.0 = Release|Any CPU
	EndGlobalSection
EndGlobal
